
Microsoft Visual Studio Solution File, Format Version 12.00
# Visual Studio Version 17
VisualStudioVersion = 17.5.33530.505
MinimumVisualStudioVersion = 10.0.40219.1
Project("{FAE04EC0-301F-11D3-BF4B-00C04F79EFBC}") = "WEB", "WEB\WEB.csproj", "{5CAEDE55-D8BB-41B1-B994-FEA06A5204BC}"
EndProject
Project("{FAE04EC0-301F-11D3-BF4B-00C04F79EFBC}") = "API", "API\API.csproj", "{C7C9DFE1-C02E-4DCE-80AC-D0FFF3C42B72}"
EndProject
Project("{FAE04EC0-301F-11D3-BF4B-00C04F79EFBC}") = "INTERFAZ", "INTERFAZ\INTERFAZ.csproj", "{7C98C984-B5E0-4C79-B54C-466F4CB85E31}"
EndProject
Global
	GlobalSection(SolutionConfigurationPlatforms) = preSolution
		Debug|Any CPU = Debug|Any CPU
		Release|Any CPU = Release|Any CPU
	EndGlobalSection
	GlobalSection(ProjectConfigurationPlatforms) = postSolution
		{5CAEDE55-D8BB-41B1-B994-FEA06A5204BC}.Debug|Any CPU.ActiveCfg = Debug|Any CPU
		{5CAEDE55-D8BB-41B1-B994-FEA06A5204BC}.Debug|Any CPU.Build.0 = Debug|Any CPU
		{5CAEDE55-D8BB-41B1-B994-FEA06A5204BC}.Release|Any CPU.ActiveCfg = Release|Any CPU
		{5CAEDE55-D8BB-41B1-B994-FEA06A5204BC}.Release|Any CPU.Build.0 = Release|Any CPU
		{C7C9DFE1-C02E-4DCE-80AC-D0FFF3C42B72}.Debug|Any CPU.ActiveCfg = Debug|Any CPU
		{C7C9DFE1-C02E-4DCE-80AC-D0FFF3C42B72}.Debug|Any CPU.Build.0 = Debug|Any CPU
		{C7C9DFE1-C02E-4DCE-80AC-D0FFF3C42B72}.Release|Any CPU.ActiveCfg = Release|Any CPU
		{C7C9DFE1-C02E-4DCE-80AC-D0FFF3C42B72}.Release|Any CPU.Build.0 = Release|Any CPU
		{7C98C984-B5E0-4C79-B54C-466F4CB85E31}.Debug|Any CPU.ActiveCfg = Debug|Any CPU
		{7C98C984-B5E0-4C79-B54C-466F4CB85E31}.Debug|Any CPU.Build.0 = Debug|Any CPU
		{7C98C984-B5E0-4C79-B54C-466F4CB85E31}.Release|Any CPU.ActiveCfg = Release|Any CPU
		{7C98C984-B5E0-4C79-B54C-466F4CB85E31}.Release|Any CPU.Build.0 = Release|Any CPU
	EndGlobalSection
	GlobalSection(SolutionProperties) = preSolution
		HideSolutionNode = FALSE
	EndGlobalSection
	GlobalSection(ExtensibilityGlobals) = postSolution
		SolutionGuid = {780728DD-4326-496C-B093-E89EDDF57A70}
	EndGlobalSection
EndGlobal
